// !$*UTF8*$!
{
	archiveVersion = 1;
	classes = {
	};
	objectVersion = 77;
	objects = {

/* Begin PBXBuildFile section */
		008F2C3CC150E092B0A65669 /* SettingsManagerTests.swift in Sources */ = {isa = PBXBuildFile; fileRef = 1AC461527E50F785468B6790 /* SettingsManagerTests.swift */; };
		01A67E145F7834E9F203164F /* DifficultyLevel.swift in Sources */ = {isa = PBXBuildFile; fileRef = 57BDC4FC3F00E9203C4CFAC3 /* DifficultyLevel.swift */; };
		038159FED5FD57906252B0E7 /* ResultsComponents.swift in Sources */ = {isa = PBXBuildFile; fileRef = C72FE5257FC31981A7D8CADD /* ResultsComponents.swift */; };
		05A666361876334B704A3459 /* HomeViewModelTests.swift in Sources */ = {isa = PBXBuildFile; fileRef = E2E3D23339BFF349C9A13EB0 /* HomeViewModelTests.swift */; };
		06C8452FCE23B17A87D66DB2 /* ShakeEffect.swift in Sources */ = {isa = PBXBuildFile; fileRef = 7D771D1775237ED9AB563225 /* ShakeEffect.swift */; };
		0740972BBC784DF26D872212 /* GameEngineExtendedTests.swift in Sources */ = {isa = PBXBuildFile; fileRef = 4CE2D20CBD04BF187F15E15C /* GameEngineExtendedTests.swift */; };
		0971EE8A7650F627609282F6 /* Achievement.swift in Sources */ = {isa = PBXBuildFile; fileRef = B89B390E65161140B443E6C1 /* Achievement.swift */; };
		14E964C994E4048F5F40533F /* GameViewModelTests.swift in Sources */ = {isa = PBXBuildFile; fileRef = 4B0908AEDE395D6C0FB5526F /* GameViewModelTests.swift */; };
		1BDADD881AD66BBF532FF1C6 /* ContentView.swift in Sources */ = {isa = PBXBuildFile; fileRef = 2FBB5E51B2B9456B0E07EFFA /* ContentView.swift */; };
		27C371AB3D1E9B65F103A801 /* AccuracyChartView.swift in Sources */ = {isa = PBXBuildFile; fileRef = CFC8FD943445AF031F38A38F /* AccuracyChartView.swift */; };
		384CC3905A5E0E0D8430FAF2 /* AnimatedGradientBackground.swift in Sources */ = {isa = PBXBuildFile; fileRef = A0BB279A3D7DAF208804D4F9 /* AnimatedGradientBackground.swift */; };
		38933B53403070AA7462252A /* HomeView.swift in Sources */ = {isa = PBXBuildFile; fileRef = 3F99D22DB5C7E150990E3EAD /* HomeView.swift */; };
		38E291DC560EA1387AADC1C4 /* AppRouter.swift in Sources */ = {isa = PBXBuildFile; fileRef = 01F6948A6B20B56826FBD34A /* AppRouter.swift */; };
		3BF70E47926CC19260C13CF2 /* ProblemGeneratorTests.swift in Sources */ = {isa = PBXBuildFile; fileRef = E964AE1906CA925557311B8A /* ProblemGeneratorTests.swift */; };
		41B2881CAF01E6D55A44EDDF /* GameSession.swift in Sources */ = {isa = PBXBuildFile; fileRef = A2BE9B3CED4BD9BFBC7D8482 /* GameSession.swift */; };
		4513317F1EC163421536BF08 /* StatsService.swift in Sources */ = {isa = PBXBuildFile; fileRef = 204ABF0C1B98F1BCF8475FCE /* StatsService.swift */; };
		45CD98BF35692868AA988D43 /* StatsViewModelTests.swift in Sources */ = {isa = PBXBuildFile; fileRef = 63C0BAB984FF6AC3A82CC93C /* StatsViewModelTests.swift */; };
		487C5AB4A01BDD59CBB3895E /* HomeViewModel.swift in Sources */ = {isa = PBXBuildFile; fileRef = 047BADB99680064F99C105B1 /* HomeViewModel.swift */; };
		4BBB1ADCC4D23153D19B99EF /* HapticServiceTests.swift in Sources */ = {isa = PBXBuildFile; fileRef = 296AF4623C4992D94BAE1BF9 /* HapticServiceTests.swift */; };
		4C4CAF338FE9C6627C6CB96D /* ProblemGenerator.swift in Sources */ = {isa = PBXBuildFile; fileRef = 3A131ACE8EAE37C45B0DFDC6 /* ProblemGenerator.swift */; };
		4D522B903AC628A4FA761EC0 /* HapticService.swift in Sources */ = {isa = PBXBuildFile; fileRef = C5C0FD17C374BB2F9A8EA5B0 /* HapticService.swift */; };
		4E7E850FEE67E31B4B3584A8 /* GameComponents.swift in Sources */ = {isa = PBXBuildFile; fileRef = AD2098C9ECCFBF6FB8980E27 /* GameComponents.swift */; };
		5616AEAF2AA1B3AAE13AA84F /* AchievementsView.swift in Sources */ = {isa = PBXBuildFile; fileRef = 213185E73136A381D0619E0A /* AchievementsView.swift */; };
		6CF3FE7A3760DDDB316F7095 /* GameEngineTests.swift in Sources */ = {isa = PBXBuildFile; fileRef = 0F076A1284974B6366DC2D7B /* GameEngineTests.swift */; };
		709F5F4D49EEE3659BBFB116 /* ResultsViewModelTests.swift in Sources */ = {isa = PBXBuildFile; fileRef = 83BED5F68362F01B31E28C2E /* ResultsViewModelTests.swift */; };
		72E9C59492BF93AB0B609424 /* QAScreenshots.swift in Sources */ = {isa = PBXBuildFile; fileRef = 0427188A416BE64E4706FCF7 /* QAScreenshots.swift */; };
		777B9441B009F204570F800A /* ResultsViewModelExtendedTests.swift in Sources */ = {isa = PBXBuildFile; fileRef = B94166C5E252ADDC595B34CB /* ResultsViewModelExtendedTests.swift */; };
		7AF3EB2951889706A5098EDE /* SettingsView.swift in Sources */ = {isa = PBXBuildFile; fileRef = 3FA9143B2211A44256A840D5 /* SettingsView.swift */; };
		7F7B7F6ED2E8948B49330C01 /* ResultsViewModel.swift in Sources */ = {isa = PBXBuildFile; fileRef = 4C021E83262D3617792D287F /* ResultsViewModel.swift */; };
		811BFED25762B065D12D732C /* OnboardingView.swift in Sources */ = {isa = PBXBuildFile; fileRef = 90216EA8563B11F2EC05D478 /* OnboardingView.swift */; };
		84AB6E25E03008F4846AA136 /* StatsView.swift in Sources */ = {isa = PBXBuildFile; fileRef = 4268B9A4B095A3338E8F1059 /* StatsView.swift */; };
		85261327FDF0B22B4AF5A111 /* CelebrationView.swift in Sources */ = {isa = PBXBuildFile; fileRef = 1EBDA6BF0C03D8CD5465376F /* CelebrationView.swift */; };
		8868DDA9F86BA47EF50C8F36 /* SoundServiceTests.swift in Sources */ = {isa = PBXBuildFile; fileRef = 4E347616EBC6E0C14778115F /* SoundServiceTests.swift */; };
		8925028C8AAC7CEFB165C56E /* LevelSystem.swift in Sources */ = {isa = PBXBuildFile; fileRef = 3EC1FA62A70944B48A8A5693 /* LevelSystem.swift */; };
		8CB311D41F99BBDF6C753439 /* SoundService.swift in Sources */ = {isa = PBXBuildFile; fileRef = DFA263C1009CCDB50B3EA5BE /* SoundService.swift */; };
		8EAF3C36CE9CE56D65EB06A5 /* GameSessionTests.swift in Sources */ = {isa = PBXBuildFile; fileRef = 3C03229BF2CCCFC4C1BA8294 /* GameSessionTests.swift */; };
		908EE0D63E164C25E6C81060 /* MathProblem.swift in Sources */ = {isa = PBXBuildFile; fileRef = 6B60A09BB43C507382AB7C0D /* MathProblem.swift */; };
		939BA0173A536BA563681CB6 /* HomeComponents.swift in Sources */ = {isa = PBXBuildFile; fileRef = 4A9981DC75BC7CE2E43C6149 /* HomeComponents.swift */; };
		94DB8668BA0973A3D362BECA /* GameHeaderView.swift in Sources */ = {isa = PBXBuildFile; fileRef = AE78DDE45C710EC8332782BC /* GameHeaderView.swift */; };
		9DD2656282F7E208DEE47D9B /* MathKidsApp.swift in Sources */ = {isa = PBXBuildFile; fileRef = 7209CD1DB820BDAAEBB9CFE5 /* MathKidsApp.swift */; };
		A41570D5887BB498E6034803 /* PlayerStats+Extensions.swift in Sources */ = {isa = PBXBuildFile; fileRef = 1BFA2887B4F91FBD9AF5C7F9 /* PlayerStats+Extensions.swift */; };
		A81DFA4A7C797EA1E4759677 /* PlayerStatsExtendedTests.swift in Sources */ = {isa = PBXBuildFile; fileRef = 5E4BFC320ADD566B03F79A33 /* PlayerStatsExtendedTests.swift */; };
		A926CB080A0E3ABF16930CD4 /* SettingsManager.swift in Sources */ = {isa = PBXBuildFile; fileRef = A0771C6BE480745C037A7D57 /* SettingsManager.swift */; };
		AB3BC2B65E04474F52D86F37 /* AchievementTests.swift in Sources */ = {isa = PBXBuildFile; fileRef = B828ACFB982D8503E8169392 /* AchievementTests.swift */; };
		AC40FA185A49D4A5AD1D710C /* CountdownView.swift in Sources */ = {isa = PBXBuildFile; fileRef = 1CA44A9E6D2C7DBF35F07BCB /* CountdownView.swift */; };
		AF6D0D6E02AC859E6E7F27D1 /* PlayerStatsTests.swift in Sources */ = {isa = PBXBuildFile; fileRef = 27A82702F56EA7C4EF929777 /* PlayerStatsTests.swift */; };
		B07A81EA5ECC5D5EFAC4B488 /* GameSessionExtendedTests.swift in Sources */ = {isa = PBXBuildFile; fileRef = 38A273BF960D1313BEC03F8C /* GameSessionExtendedTests.swift */; };
		B9DE6C0E99712C0B77A5F8A1 /* TimerRingView.swift in Sources */ = {isa = PBXBuildFile; fileRef = 540944710ECFBCE10FDF9E10 /* TimerRingView.swift */; };
		BF29F9BF41C1FCAE3E101B14 /* StatsViewModel.swift in Sources */ = {isa = PBXBuildFile; fileRef = A0407C5DA68BE6251BE36AC8 /* StatsViewModel.swift */; };
		BFA7EE3F5DA146A2BE3329D2 /* ConfettiView.swift in Sources */ = {isa = PBXBuildFile; fileRef = 60BCA319C75953627B61D26E /* ConfettiView.swift */; };
		C22E4D156E6B6B6D2E3AF523 /* MathKidsUITests.swift in Sources */ = {isa = PBXBuildFile; fileRef = 8C13519308D002D93BFCF811 /* MathKidsUITests.swift */; };
		C35832DAE06D2A763E9278E4 /* ScorePopupView.swift in Sources */ = {isa = PBXBuildFile; fileRef = 91D8D1E0DF891755FF456716 /* ScorePopupView.swift */; };
		CAF9CBD71994FFC48E5E9BB6 /* LevelSystemTests.swift in Sources */ = {isa = PBXBuildFile; fileRef = DC8712E4C9A4AD83327A7B15 /* LevelSystemTests.swift */; };
		CD1A74D6EAA366F8D25D018C /* DifficultyLevelTests.swift in Sources */ = {isa = PBXBuildFile; fileRef = DDB33CC34BDF77A892728B95 /* DifficultyLevelTests.swift */; };
		CF87700C658B4CC7D1AD3E24 /* GameView.swift in Sources */ = {isa = PBXBuildFile; fileRef = 9F78F2B01B9065E487941195 /* GameView.swift */; };
		DC296F4E52810A59E0B39658 /* MathProblemTests.swift in Sources */ = {isa = PBXBuildFile; fileRef = 7DA1D47D67C3C800029BDCF4 /* MathProblemTests.swift */; };
		E13329274194396C53F81522 /* AchievementToast.swift in Sources */ = {isa = PBXBuildFile; fileRef = A08B8977648DDAE1F2188C05 /* AchievementToast.swift */; };
		F0865CF383E211F2E3B31BAA /* CharacterView.swift in Sources */ = {isa = PBXBuildFile; fileRef = 8279F4B20D767C7762F39677 /* CharacterView.swift */; };
		F1833A535A99781208F25C92 /* PlayerStats.swift in Sources */ = {isa = PBXBuildFile; fileRef = D39EC07D095F577A76D0FA15 /* PlayerStats.swift */; };
		F1E7B7634C275CA56F78358D /* GameViewModel.swift in Sources */ = {isa = PBXBuildFile; fileRef = E149DD7A246AF22EEEA61CD5 /* GameViewModel.swift */; };
		FB4A4ADE82EEF3FDDA20104C /* GameEngine.swift in Sources */ = {isa = PBXBuildFile; fileRef = E93BBE9E8D253F11B709B834 /* GameEngine.swift */; };
		FD89061A7F061E5A68499BD2 /* AchievementProgressView.swift in Sources */ = {isa = PBXBuildFile; fileRef = E73E9AEFD2B5F008BCD4FCF2 /* AchievementProgressView.swift */; };
		FFC0FFA79FADB3B8D89A1D61 /* ResultsView.swift in Sources */ = {isa = PBXBuildFile; fileRef = 2AF668AA5F5F791ED0607860 /* ResultsView.swift */; };
		FFD6EBA0E329A10579356386 /* GameViewModelExtendedTests.swift in Sources */ = {isa = PBXBuildFile; fileRef = 94EAA56FF5F6207F4E9EDB0A /* GameViewModelExtendedTests.swift */; };
/* End PBXBuildFile section */

/* Begin PBXContainerItemProxy section */
		A47E8AA44543772B7A10507A /* PBXContainerItemProxy */ = {
			isa = PBXContainerItemProxy;
			containerPortal = 770F031BA091304999F4065F /* Project object */;
			proxyType = 1;
			remoteGlobalIDString = 18C49AB92152A9F8A4F8CD4E;
			remoteInfo = MathKids;
		};
		B20B6BBBF83602BFF2C33E4D /* PBXContainerItemProxy */ = {
			isa = PBXContainerItemProxy;
			containerPortal = 770F031BA091304999F4065F /* Project object */;
			proxyType = 1;
			remoteGlobalIDString = 18C49AB92152A9F8A4F8CD4E;
			remoteInfo = MathKids;
		};
/* End PBXContainerItemProxy section */

/* Begin PBXFileReference section */
		01F6948A6B20B56826FBD34A /* AppRouter.swift */ = {isa = PBXFileReference; lastKnownFileType = sourcecode.swift; path = AppRouter.swift; sourceTree = "<group>"; };
		0427188A416BE64E4706FCF7 /* QAScreenshots.swift */ = {isa = PBXFileReference; lastKnownFileType = sourcecode.swift; path = QAScreenshots.swift; sourceTree = "<group>"; };
		047BADB99680064F99C105B1 /* HomeViewModel.swift */ = {isa = PBXFileReference; lastKnownFileType = sourcecode.swift; path = HomeViewModel.swift; sourceTree = "<group>"; };
		0F076A1284974B6366DC2D7B /* GameEngineTests.swift */ = {isa = PBXFileReference; lastKnownFileType = sourcecode.swift; path = GameEngineTests.swift; sourceTree = "<group>"; };
		1AC461527E50F785468B6790 /* SettingsManagerTests.swift */ = {isa = PBXFileReference; lastKnownFileType = sourcecode.swift; path = SettingsManagerTests.swift; sourceTree = "<group>"; };
		1BFA2887B4F91FBD9AF5C7F9 /* PlayerStats+Extensions.swift */ = {isa = PBXFileReference; lastKnownFileType = sourcecode.swift; path = "PlayerStats+Extensions.swift"; sourceTree = "<group>"; };
		1CA44A9E6D2C7DBF35F07BCB /* CountdownView.swift */ = {isa = PBXFileReference; lastKnownFileType = sourcecode.swift; path = CountdownView.swift; sourceTree = "<group>"; };
		1EBDA6BF0C03D8CD5465376F /* CelebrationView.swift */ = {isa = PBXFileReference; lastKnownFileType = sourcecode.swift; path = CelebrationView.swift; sourceTree = "<group>"; };
		204ABF0C1B98F1BCF8475FCE /* StatsService.swift */ = {isa = PBXFileReference; lastKnownFileType = sourcecode.swift; path = StatsService.swift; sourceTree = "<group>"; };
		213185E73136A381D0619E0A /* AchievementsView.swift */ = {isa = PBXFileReference; lastKnownFileType = sourcecode.swift; path = AchievementsView.swift; sourceTree = "<group>"; };
		27A82702F56EA7C4EF929777 /* PlayerStatsTests.swift */ = {isa = PBXFileReference; lastKnownFileType = sourcecode.swift; path = PlayerStatsTests.swift; sourceTree = "<group>"; };
		296AF4623C4992D94BAE1BF9 /* HapticServiceTests.swift */ = {isa = PBXFileReference; lastKnownFileType = sourcecode.swift; path = HapticServiceTests.swift; sourceTree = "<group>"; };
		2AF668AA5F5F791ED0607860 /* ResultsView.swift */ = {isa = PBXFileReference; lastKnownFileType = sourcecode.swift; path = ResultsView.swift; sourceTree = "<group>"; };
		2FBB5E51B2B9456B0E07EFFA /* ContentView.swift */ = {isa = PBXFileReference; lastKnownFileType = sourcecode.swift; path = ContentView.swift; sourceTree = "<group>"; };
		38A273BF960D1313BEC03F8C /* GameSessionExtendedTests.swift */ = {isa = PBXFileReference; lastKnownFileType = sourcecode.swift; path = GameSessionExtendedTests.swift; sourceTree = "<group>"; };
		3A131ACE8EAE37C45B0DFDC6 /* ProblemGenerator.swift */ = {isa = PBXFileReference; lastKnownFileType = sourcecode.swift; path = ProblemGenerator.swift; sourceTree = "<group>"; };
		3C03229BF2CCCFC4C1BA8294 /* GameSessionTests.swift */ = {isa = PBXFileReference; lastKnownFileType = sourcecode.swift; path = GameSessionTests.swift; sourceTree = "<group>"; };
		3EC1FA62A70944B48A8A5693 /* LevelSystem.swift */ = {isa = PBXFileReference; lastKnownFileType = sourcecode.swift; path = LevelSystem.swift; sourceTree = "<group>"; };
		3F99D22DB5C7E150990E3EAD /* HomeView.swift */ = {isa = PBXFileReference; lastKnownFileType = sourcecode.swift; path = HomeView.swift; sourceTree = "<group>"; };
		3FA9143B2211A44256A840D5 /* SettingsView.swift */ = {isa = PBXFileReference; lastKnownFileType = sourcecode.swift; path = SettingsView.swift; sourceTree = "<group>"; };
		4268B9A4B095A3338E8F1059 /* StatsView.swift */ = {isa = PBXFileReference; lastKnownFileType = sourcecode.swift; path = StatsView.swift; sourceTree = "<group>"; };
		4A9981DC75BC7CE2E43C6149 /* HomeComponents.swift */ = {isa = PBXFileReference; lastKnownFileType = sourcecode.swift; path = HomeComponents.swift; sourceTree = "<group>"; };
		4B0908AEDE395D6C0FB5526F /* GameViewModelTests.swift */ = {isa = PBXFileReference; lastKnownFileType = sourcecode.swift; path = GameViewModelTests.swift; sourceTree = "<group>"; };
		4C021E83262D3617792D287F /* ResultsViewModel.swift */ = {isa = PBXFileReference; lastKnownFileType = sourcecode.swift; path = ResultsViewModel.swift; sourceTree = "<group>"; };
		4CE2D20CBD04BF187F15E15C /* GameEngineExtendedTests.swift */ = {isa = PBXFileReference; lastKnownFileType = sourcecode.swift; path = GameEngineExtendedTests.swift; sourceTree = "<group>"; };
		4E347616EBC6E0C14778115F /* SoundServiceTests.swift */ = {isa = PBXFileReference; lastKnownFileType = sourcecode.swift; path = SoundServiceTests.swift; sourceTree = "<group>"; };
		540944710ECFBCE10FDF9E10 /* TimerRingView.swift */ = {isa = PBXFileReference; lastKnownFileType = sourcecode.swift; path = TimerRingView.swift; sourceTree = "<group>"; };
		57BDC4FC3F00E9203C4CFAC3 /* DifficultyLevel.swift */ = {isa = PBXFileReference; lastKnownFileType = sourcecode.swift; path = DifficultyLevel.swift; sourceTree = "<group>"; };
		5E4BFC320ADD566B03F79A33 /* PlayerStatsExtendedTests.swift */ = {isa = PBXFileReference; lastKnownFileType = sourcecode.swift; path = PlayerStatsExtendedTests.swift; sourceTree = "<group>"; };
		60BCA319C75953627B61D26E /* ConfettiView.swift */ = {isa = PBXFileReference; lastKnownFileType = sourcecode.swift; path = ConfettiView.swift; sourceTree = "<group>"; };
		63C0BAB984FF6AC3A82CC93C /* StatsViewModelTests.swift */ = {isa = PBXFileReference; lastKnownFileType = sourcecode.swift; path = StatsViewModelTests.swift; sourceTree = "<group>"; };
		6B60A09BB43C507382AB7C0D /* MathProblem.swift */ = {isa = PBXFileReference; lastKnownFileType = sourcecode.swift; path = MathProblem.swift; sourceTree = "<group>"; };
		7209CD1DB820BDAAEBB9CFE5 /* MathKidsApp.swift */ = {isa = PBXFileReference; lastKnownFileType = sourcecode.swift; path = MathKidsApp.swift; sourceTree = "<group>"; };
		75E9DDA865E96A244B02B953 /* MathKidsUITests.xctest */ = {isa = PBXFileReference; includeInIndex = 0; lastKnownFileType = wrapper.cfbundle; path = MathKidsUITests.xctest; sourceTree = BUILT_PRODUCTS_DIR; };
		7D771D1775237ED9AB563225 /* ShakeEffect.swift */ = {isa = PBXFileReference; lastKnownFileType = sourcecode.swift; path = ShakeEffect.swift; sourceTree = "<group>"; };
		7DA1D47D67C3C800029BDCF4 /* MathProblemTests.swift */ = {isa = PBXFileReference; lastKnownFileType = sourcecode.swift; path = MathProblemTests.swift; sourceTree = "<group>"; };
		8044C71435E6817695D809DF /* MathKidsTests.xctest */ = {isa = PBXFileReference; includeInIndex = 0; lastKnownFileType = wrapper.cfbundle; path = MathKidsTests.xctest; sourceTree = BUILT_PRODUCTS_DIR; };
		8279F4B20D767C7762F39677 /* CharacterView.swift */ = {isa = PBXFileReference; lastKnownFileType = sourcecode.swift; path = CharacterView.swift; sourceTree = "<group>"; };
		83BED5F68362F01B31E28C2E /* ResultsViewModelTests.swift */ = {isa = PBXFileReference; lastKnownFileType = sourcecode.swift; path = ResultsViewModelTests.swift; sourceTree = "<group>"; };
		8C13519308D002D93BFCF811 /* MathKidsUITests.swift */ = {isa = PBXFileReference; lastKnownFileType = sourcecode.swift; path = MathKidsUITests.swift; sourceTree = "<group>"; };
		90216EA8563B11F2EC05D478 /* OnboardingView.swift */ = {isa = PBXFileReference; lastKnownFileType = sourcecode.swift; path = OnboardingView.swift; sourceTree = "<group>"; };
		91D8D1E0DF891755FF456716 /* ScorePopupView.swift */ = {isa = PBXFileReference; lastKnownFileType = sourcecode.swift; path = ScorePopupView.swift; sourceTree = "<group>"; };
		94EAA56FF5F6207F4E9EDB0A /* GameViewModelExtendedTests.swift */ = {isa = PBXFileReference; lastKnownFileType = sourcecode.swift; path = GameViewModelExtendedTests.swift; sourceTree = "<group>"; };
		9F78F2B01B9065E487941195 /* GameView.swift */ = {isa = PBXFileReference; lastKnownFileType = sourcecode.swift; path = GameView.swift; sourceTree = "<group>"; };
		A0407C5DA68BE6251BE36AC8 /* StatsViewModel.swift */ = {isa = PBXFileReference; lastKnownFileType = sourcecode.swift; path = StatsViewModel.swift; sourceTree = "<group>"; };
		A0771C6BE480745C037A7D57 /* SettingsManager.swift */ = {isa = PBXFileReference; lastKnownFileType = sourcecode.swift; path = SettingsManager.swift; sourceTree = "<group>"; };
		A08B8977648DDAE1F2188C05 /* AchievementToast.swift */ = {isa = PBXFileReference; lastKnownFileType = sourcecode.swift; path = AchievementToast.swift; sourceTree = "<group>"; };
		A0BB279A3D7DAF208804D4F9 /* AnimatedGradientBackground.swift */ = {isa = PBXFileReference; lastKnownFileType = sourcecode.swift; path = AnimatedGradientBackground.swift; sourceTree = "<group>"; };
		A2BE9B3CED4BD9BFBC7D8482 /* GameSession.swift */ = {isa = PBXFileReference; lastKnownFileType = sourcecode.swift; path = GameSession.swift; sourceTree = "<group>"; };
		AD2098C9ECCFBF6FB8980E27 /* GameComponents.swift */ = {isa = PBXFileReference; lastKnownFileType = sourcecode.swift; path = GameComponents.swift; sourceTree = "<group>"; };
		AE78DDE45C710EC8332782BC /* GameHeaderView.swift */ = {isa = PBXFileReference; lastKnownFileType = sourcecode.swift; path = GameHeaderView.swift; sourceTree = "<group>"; };
		B828ACFB982D8503E8169392 /* AchievementTests.swift */ = {isa = PBXFileReference; lastKnownFileType = sourcecode.swift; path = AchievementTests.swift; sourceTree = "<group>"; };
		B89B390E65161140B443E6C1 /* Achievement.swift */ = {isa = PBXFileReference; lastKnownFileType = sourcecode.swift; path = Achievement.swift; sourceTree = "<group>"; };
		B94166C5E252ADDC595B34CB /* ResultsViewModelExtendedTests.swift */ = {isa = PBXFileReference; lastKnownFileType = sourcecode.swift; path = ResultsViewModelExtendedTests.swift; sourceTree = "<group>"; };
		C5C0FD17C374BB2F9A8EA5B0 /* HapticService.swift */ = {isa = PBXFileReference; lastKnownFileType = sourcecode.swift; path = HapticService.swift; sourceTree = "<group>"; };
		C72FE5257FC31981A7D8CADD /* ResultsComponents.swift */ = {isa = PBXFileReference; lastKnownFileType = sourcecode.swift; path = ResultsComponents.swift; sourceTree = "<group>"; };
		CE2D3D1613DECEE2512E2DB7 /* MathKids.app */ = {isa = PBXFileReference; includeInIndex = 0; lastKnownFileType = wrapper.application; path = MathKids.app; sourceTree = BUILT_PRODUCTS_DIR; };
		CFC8FD943445AF031F38A38F /* AccuracyChartView.swift */ = {isa = PBXFileReference; lastKnownFileType = sourcecode.swift; path = AccuracyChartView.swift; sourceTree = "<group>"; };
		D39EC07D095F577A76D0FA15 /* PlayerStats.swift */ = {isa = PBXFileReference; lastKnownFileType = sourcecode.swift; path = PlayerStats.swift; sourceTree = "<group>"; };
		DC8712E4C9A4AD83327A7B15 /* LevelSystemTests.swift */ = {isa = PBXFileReference; lastKnownFileType = sourcecode.swift; path = LevelSystemTests.swift; sourceTree = "<group>"; };
		DDB33CC34BDF77A892728B95 /* DifficultyLevelTests.swift */ = {isa = PBXFileReference; lastKnownFileType = sourcecode.swift; path = DifficultyLevelTests.swift; sourceTree = "<group>"; };
		DFA263C1009CCDB50B3EA5BE /* SoundService.swift */ = {isa = PBXFileReference; lastKnownFileType = sourcecode.swift; path = SoundService.swift; sourceTree = "<group>"; };
		E149DD7A246AF22EEEA61CD5 /* GameViewModel.swift */ = {isa = PBXFileReference; lastKnownFileType = sourcecode.swift; path = GameViewModel.swift; sourceTree = "<group>"; };
		E2E3D23339BFF349C9A13EB0 /* HomeViewModelTests.swift */ = {isa = PBXFileReference; lastKnownFileType = sourcecode.swift; path = HomeViewModelTests.swift; sourceTree = "<group>"; };
		E73E9AEFD2B5F008BCD4FCF2 /* AchievementProgressView.swift */ = {isa = PBXFileReference; lastKnownFileType = sourcecode.swift; path = AchievementProgressView.swift; sourceTree = "<group>"; };
		E93BBE9E8D253F11B709B834 /* GameEngine.swift */ = {isa = PBXFileReference; lastKnownFileType = sourcecode.swift; path = GameEngine.swift; sourceTree = "<group>"; };
		E964AE1906CA925557311B8A /* ProblemGeneratorTests.swift */ = {isa = PBXFileReference; lastKnownFileType = sourcecode.swift; path = ProblemGeneratorTests.swift; sourceTree = "<group>"; };
/* End PBXFileReference section */

/* Begin PBXGroup section */
		0FC6EECBCA7EC8BAE20AABB4 /* Products */ = {
			isa = PBXGroup;
			children = (
				CE2D3D1613DECEE2512E2DB7 /* MathKids.app */,
				8044C71435E6817695D809DF /* MathKidsTests.xctest */,
				75E9DDA865E96A244B02B953 /* MathKidsUITests.xctest */,
			);
			name = Products;
			sourceTree = "<group>";
		};
		200B9532C2F6184E2307E4DE /* UITests */ = {
			isa = PBXGroup;
			children = (
				8C13519308D002D93BFCF811 /* MathKidsUITests.swift */,
				0427188A416BE64E4706FCF7 /* QAScreenshots.swift */,
			);
			path = UITests;
			sourceTree = "<group>";
		};
		32C33EABF2D1AB02859DCAFF = {
			isa = PBXGroup;
			children = (
				BA661D21FDAD207E8D910112 /* Sources */,
				6E29D1C1DFBAB49E83FC7BFA /* Tests */,
				200B9532C2F6184E2307E4DE /* UITests */,
				0FC6EECBCA7EC8BAE20AABB4 /* Products */,
			);
			sourceTree = "<group>";
		};
		4D3FF1A8C202E088E4E77B4C /* Features */ = {
			isa = PBXGroup;
			children = (
				F0489959CC438A615857A84E /* Game */,
				AEBE3BF929C4A0F8148815D6 /* Home */,
				B123D06FCC18F42DA23E0681 /* Results */,
				7AFFBB774B527D17A430CB50 /* Stats */,
			);
			path = Features;
			sourceTree = "<group>";
		};
		6E15EBB0E045EFCA8C8A21FD /* Services */ = {
			isa = PBXGroup;
			children = (
				E93BBE9E8D253F11B709B834 /* GameEngine.swift */,
				C5C0FD17C374BB2F9A8EA5B0 /* HapticService.swift */,
				3A131ACE8EAE37C45B0DFDC6 /* ProblemGenerator.swift */,
				A0771C6BE480745C037A7D57 /* SettingsManager.swift */,
				DFA263C1009CCDB50B3EA5BE /* SoundService.swift */,
				204ABF0C1B98F1BCF8475FCE /* StatsService.swift */,
			);
			path = Services;
			sourceTree = "<group>";
		};
		6E29D1C1DFBAB49E83FC7BFA /* Tests */ = {
			isa = PBXGroup;
			children = (
				99F4CAD2A2CDC827E23A192F /* DomainTests */,
				8F371FF6BE48601E65D66C36 /* FeaturesTests */,
				BD1AC58F76F51ED09D584901 /* ServicesTests */,
			);
			path = Tests;
			sourceTree = "<group>";
		};
		7AFFBB774B527D17A430CB50 /* Stats */ = {
			isa = PBXGroup;
			children = (
				CFC8FD943445AF031F38A38F /* AccuracyChartView.swift */,
				E73E9AEFD2B5F008BCD4FCF2 /* AchievementProgressView.swift */,
				213185E73136A381D0619E0A /* AchievementsView.swift */,
				4268B9A4B095A3338E8F1059 /* StatsView.swift */,
				A0407C5DA68BE6251BE36AC8 /* StatsViewModel.swift */,
			);
			path = Stats;
			sourceTree = "<group>";
		};
		8714320945D2A6CF80B73BEF /* Domain */ = {
			isa = PBXGroup;
			children = (
				B89B390E65161140B443E6C1 /* Achievement.swift */,
				57BDC4FC3F00E9203C4CFAC3 /* DifficultyLevel.swift */,
				A2BE9B3CED4BD9BFBC7D8482 /* GameSession.swift */,
				3EC1FA62A70944B48A8A5693 /* LevelSystem.swift */,
				6B60A09BB43C507382AB7C0D /* MathProblem.swift */,
				D39EC07D095F577A76D0FA15 /* PlayerStats.swift */,
				1BFA2887B4F91FBD9AF5C7F9 /* PlayerStats+Extensions.swift */,
			);
			path = Domain;
			sourceTree = "<group>";
		};
		8F371FF6BE48601E65D66C36 /* FeaturesTests */ = {
			isa = PBXGroup;
			children = (
				94EAA56FF5F6207F4E9EDB0A /* GameViewModelExtendedTests.swift */,
				4B0908AEDE395D6C0FB5526F /* GameViewModelTests.swift */,
				E2E3D23339BFF349C9A13EB0 /* HomeViewModelTests.swift */,
				B94166C5E252ADDC595B34CB /* ResultsViewModelExtendedTests.swift */,
				83BED5F68362F01B31E28C2E /* ResultsViewModelTests.swift */,
				63C0BAB984FF6AC3A82CC93C /* StatsViewModelTests.swift */,
			);
			path = FeaturesTests;
			sourceTree = "<group>";
		};
		99F4CAD2A2CDC827E23A192F /* DomainTests */ = {
			isa = PBXGroup;
			children = (
				B828ACFB982D8503E8169392 /* AchievementTests.swift */,
				DDB33CC34BDF77A892728B95 /* DifficultyLevelTests.swift */,
				38A273BF960D1313BEC03F8C /* GameSessionExtendedTests.swift */,
				3C03229BF2CCCFC4C1BA8294 /* GameSessionTests.swift */,
				DC8712E4C9A4AD83327A7B15 /* LevelSystemTests.swift */,
				7DA1D47D67C3C800029BDCF4 /* MathProblemTests.swift */,
				5E4BFC320ADD566B03F79A33 /* PlayerStatsExtendedTests.swift */,
				27A82702F56EA7C4EF929777 /* PlayerStatsTests.swift */,
			);
			path = DomainTests;
			sourceTree = "<group>";
		};
		AEBE3BF929C4A0F8148815D6 /* Home */ = {
			isa = PBXGroup;
			children = (
				A0BB279A3D7DAF208804D4F9 /* AnimatedGradientBackground.swift */,
				4A9981DC75BC7CE2E43C6149 /* HomeComponents.swift */,
				3F99D22DB5C7E150990E3EAD /* HomeView.swift */,
				047BADB99680064F99C105B1 /* HomeViewModel.swift */,
				90216EA8563B11F2EC05D478 /* OnboardingView.swift */,
				3FA9143B2211A44256A840D5 /* SettingsView.swift */,
			);
			path = Home;
			sourceTree = "<group>";
		};
		B123D06FCC18F42DA23E0681 /* Results */ = {
			isa = PBXGroup;
			children = (
				A08B8977648DDAE1F2188C05 /* AchievementToast.swift */,
				60BCA319C75953627B61D26E /* ConfettiView.swift */,
				C72FE5257FC31981A7D8CADD /* ResultsComponents.swift */,
				2AF668AA5F5F791ED0607860 /* ResultsView.swift */,
				4C021E83262D3617792D287F /* ResultsViewModel.swift */,
			);
			path = Results;
			sourceTree = "<group>";
		};
		BA661D21FDAD207E8D910112 /* Sources */ = {
			isa = PBXGroup;
			children = (
				EBBB665731BD106ABAE0A264 /* App */,
				8714320945D2A6CF80B73BEF /* Domain */,
				4D3FF1A8C202E088E4E77B4C /* Features */,
				6E15EBB0E045EFCA8C8A21FD /* Services */,
			);
			path = Sources;
			sourceTree = "<group>";
		};
		BD1AC58F76F51ED09D584901 /* ServicesTests */ = {
			isa = PBXGroup;
			children = (
				4CE2D20CBD04BF187F15E15C /* GameEngineExtendedTests.swift */,
				0F076A1284974B6366DC2D7B /* GameEngineTests.swift */,
				296AF4623C4992D94BAE1BF9 /* HapticServiceTests.swift */,
				E964AE1906CA925557311B8A /* ProblemGeneratorTests.swift */,
				1AC461527E50F785468B6790 /* SettingsManagerTests.swift */,
				4E347616EBC6E0C14778115F /* SoundServiceTests.swift */,
			);
			path = ServicesTests;
			sourceTree = "<group>";
		};
		EBBB665731BD106ABAE0A264 /* App */ = {
			isa = PBXGroup;
			children = (
				01F6948A6B20B56826FBD34A /* AppRouter.swift */,
				2FBB5E51B2B9456B0E07EFFA /* ContentView.swift */,
				7209CD1DB820BDAAEBB9CFE5 /* MathKidsApp.swift */,
			);
			path = App;
			sourceTree = "<group>";
		};
		F0489959CC438A615857A84E /* Game */ = {
			isa = PBXGroup;
			children = (
				1EBDA6BF0C03D8CD5465376F /* CelebrationView.swift */,
				8279F4B20D767C7762F39677 /* CharacterView.swift */,
				1CA44A9E6D2C7DBF35F07BCB /* CountdownView.swift */,
				AD2098C9ECCFBF6FB8980E27 /* GameComponents.swift */,
				AE78DDE45C710EC8332782BC /* GameHeaderView.swift */,
				9F78F2B01B9065E487941195 /* GameView.swift */,
				E149DD7A246AF22EEEA61CD5 /* GameViewModel.swift */,
				91D8D1E0DF891755FF456716 /* ScorePopupView.swift */,
				7D771D1775237ED9AB563225 /* ShakeEffect.swift */,
				540944710ECFBCE10FDF9E10 /* TimerRingView.swift */,
			);
			path = Game;
			sourceTree = "<group>";
		};
/* End PBXGroup section */

/* Begin PBXNativeTarget section */
		18C49AB92152A9F8A4F8CD4E /* MathKids */ = {
			isa = PBXNativeTarget;
			buildConfigurationList = E83E0912C4033CD9F77093D4 /* Build configuration list for PBXNativeTarget "MathKids" */;
			buildPhases = (
				6482F364CF7D4B2381C408D4 /* Sources */,
			);
			buildRules = (
			);
			dependencies = (
			);
			name = MathKids;
			packageProductDependencies = (
			);
			productName = MathKids;
			productReference = CE2D3D1613DECEE2512E2DB7 /* MathKids.app */;
			productType = "com.apple.product-type.application";
		};
		845C806A751F13DF406B9E70 /* MathKidsTests */ = {
			isa = PBXNativeTarget;
			buildConfigurationList = 64D248F275B82BA59CD051F5 /* Build configuration list for PBXNativeTarget "MathKidsTests" */;
			buildPhases = (
				27916FE72804B7C587E510C0 /* Sources */,
			);
			buildRules = (
			);
			dependencies = (
				5193E5A7D47DF44D6D290F33 /* PBXTargetDependency */,
			);
			name = MathKidsTests;
			packageProductDependencies = (
			);
			productName = MathKidsTests;
			productReference = 8044C71435E6817695D809DF /* MathKidsTests.xctest */;
			productType = "com.apple.product-type.bundle.unit-test";
		};
		EA1A570F96EE690998AFDC22 /* MathKidsUITests */ = {
			isa = PBXNativeTarget;
			buildConfigurationList = 06296B30098C0342CA17A739 /* Build configuration list for PBXNativeTarget "MathKidsUITests" */;
			buildPhases = (
				65EAD53D54A849CD3F26D5A0 /* Sources */,
			);
			buildRules = (
			);
			dependencies = (
				CB8A3D9A9F68B73999C337DF /* PBXTargetDependency */,
			);
			name = MathKidsUITests;
			packageProductDependencies = (
			);
			productName = MathKidsUITests;
			productReference = 75E9DDA865E96A244B02B953 /* MathKidsUITests.xctest */;
			productType = "com.apple.product-type.bundle.ui-testing";
		};
/* End PBXNativeTarget section */

/* Begin PBXProject section */
		770F031BA091304999F4065F /* Project object */ = {
			isa = PBXProject;
			attributes = {
				BuildIndependentTargetsInParallel = YES;
				LastUpgradeCheck = 1600;
				TargetAttributes = {
					EA1A570F96EE690998AFDC22 = {
						TestTargetID = 18C49AB92152A9F8A4F8CD4E;
					};
				};
			};
			buildConfigurationList = F3F5F02603F0915D1CEB2D6D /* Build configuration list for PBXProject "MathKids" */;
			developmentRegion = en;
			hasScannedForEncodings = 0;
			knownRegions = (
				Base,
				en,
			);
			mainGroup = 32C33EABF2D1AB02859DCAFF;
			minimizedProjectReferenceProxies = 1;
			preferredProjectObjectVersion = 77;
			productRefGroup = 0FC6EECBCA7EC8BAE20AABB4 /* Products */;
			projectDirPath = "";
			projectRoot = "";
			targets = (
				18C49AB92152A9F8A4F8CD4E /* MathKids */,
				845C806A751F13DF406B9E70 /* MathKidsTests */,
				EA1A570F96EE690998AFDC22 /* MathKidsUITests */,
			);
		};
/* End PBXProject section */

/* Begin PBXSourcesBuildPhase section */
		27916FE72804B7C587E510C0 /* Sources */ = {
			isa = PBXSourcesBuildPhase;
			buildActionMask = 2147483647;
			files = (
				AB3BC2B65E04474F52D86F37 /* AchievementTests.swift in Sources */,
				CD1A74D6EAA366F8D25D018C /* DifficultyLevelTests.swift in Sources */,
				0740972BBC784DF26D872212 /* GameEngineExtendedTests.swift in Sources */,
				6CF3FE7A3760DDDB316F7095 /* GameEngineTests.swift in Sources */,
				B07A81EA5ECC5D5EFAC4B488 /* GameSessionExtendedTests.swift in Sources */,
				8EAF3C36CE9CE56D65EB06A5 /* GameSessionTests.swift in Sources */,
				FFD6EBA0E329A10579356386 /* GameViewModelExtendedTests.swift in Sources */,
				14E964C994E4048F5F40533F /* GameViewModelTests.swift in Sources */,
				4BBB1ADCC4D23153D19B99EF /* HapticServiceTests.swift in Sources */,
				05A666361876334B704A3459 /* HomeViewModelTests.swift in Sources */,
				CAF9CBD71994FFC48E5E9BB6 /* LevelSystemTests.swift in Sources */,
				DC296F4E52810A59E0B39658 /* MathProblemTests.swift in Sources */,
				A81DFA4A7C797EA1E4759677 /* PlayerStatsExtendedTests.swift in Sources */,
				AF6D0D6E02AC859E6E7F27D1 /* PlayerStatsTests.swift in Sources */,
				3BF70E47926CC19260C13CF2 /* ProblemGeneratorTests.swift in Sources */,
				777B9441B009F204570F800A /* ResultsViewModelExtendedTests.swift in Sources */,
				709F5F4D49EEE3659BBFB116 /* ResultsViewModelTests.swift in Sources */,
				008F2C3CC150E092B0A65669 /* SettingsManagerTests.swift in Sources */,
				8868DDA9F86BA47EF50C8F36 /* SoundServiceTests.swift in Sources */,
				45CD98BF35692868AA988D43 /* StatsViewModelTests.swift in Sources */,
			);
			runOnlyForDeploymentPostprocessing = 0;
		};
		6482F364CF7D4B2381C408D4 /* Sources */ = {
			isa = PBXSourcesBuildPhase;
			buildActionMask = 2147483647;
			files = (
				27C371AB3D1E9B65F103A801 /* AccuracyChartView.swift in Sources */,
				0971EE8A7650F627609282F6 /* Achievement.swift in Sources */,
				FD89061A7F061E5A68499BD2 /* AchievementProgressView.swift in Sources */,
				E13329274194396C53F81522 /* AchievementToast.swift in Sources */,
				5616AEAF2AA1B3AAE13AA84F /* AchievementsView.swift in Sources */,
				384CC3905A5E0E0D8430FAF2 /* AnimatedGradientBackground.swift in Sources */,
				38E291DC560EA1387AADC1C4 /* AppRouter.swift in Sources */,
				85261327FDF0B22B4AF5A111 /* CelebrationView.swift in Sources */,
				F0865CF383E211F2E3B31BAA /* CharacterView.swift in Sources */,
				BFA7EE3F5DA146A2BE3329D2 /* ConfettiView.swift in Sources */,
				1BDADD881AD66BBF532FF1C6 /* ContentView.swift in Sources */,
				AC40FA185A49D4A5AD1D710C /* CountdownView.swift in Sources */,
				01A67E145F7834E9F203164F /* DifficultyLevel.swift in Sources */,
				4E7E850FEE67E31B4B3584A8 /* GameComponents.swift in Sources */,
				FB4A4ADE82EEF3FDDA20104C /* GameEngine.swift in Sources */,
				94DB8668BA0973A3D362BECA /* GameHeaderView.swift in Sources */,
				41B2881CAF01E6D55A44EDDF /* GameSession.swift in Sources */,
				CF87700C658B4CC7D1AD3E24 /* GameView.swift in Sources */,
				F1E7B7634C275CA56F78358D /* GameViewModel.swift in Sources */,
				4D522B903AC628A4FA761EC0 /* HapticService.swift in Sources */,
				939BA0173A536BA563681CB6 /* HomeComponents.swift in Sources */,
				38933B53403070AA7462252A /* HomeView.swift in Sources */,
				487C5AB4A01BDD59CBB3895E /* HomeViewModel.swift in Sources */,
				8925028C8AAC7CEFB165C56E /* LevelSystem.swift in Sources */,
				9DD2656282F7E208DEE47D9B /* MathKidsApp.swift in Sources */,
				908EE0D63E164C25E6C81060 /* MathProblem.swift in Sources */,
				811BFED25762B065D12D732C /* OnboardingView.swift in Sources */,
				A41570D5887BB498E6034803 /* PlayerStats+Extensions.swift in Sources */,
				F1833A535A99781208F25C92 /* PlayerStats.swift in Sources */,
				4C4CAF338FE9C6627C6CB96D /* ProblemGenerator.swift in Sources */,
				038159FED5FD57906252B0E7 /* ResultsComponents.swift in Sources */,
				FFC0FFA79FADB3B8D89A1D61 /* ResultsView.swift in Sources */,
				7F7B7F6ED2E8948B49330C01 /* ResultsViewModel.swift in Sources */,
				C35832DAE06D2A763E9278E4 /* ScorePopupView.swift in Sources */,
				A926CB080A0E3ABF16930CD4 /* SettingsManager.swift in Sources */,
				7AF3EB2951889706A5098EDE /* SettingsView.swift in Sources */,
				06C8452FCE23B17A87D66DB2 /* ShakeEffect.swift in Sources */,
				8CB311D41F99BBDF6C753439 /* SoundService.swift in Sources */,
				4513317F1EC163421536BF08 /* StatsService.swift in Sources */,
				84AB6E25E03008F4846AA136 /* StatsView.swift in Sources */,
				BF29F9BF41C1FCAE3E101B14 /* StatsViewModel.swift in Sources */,
				B9DE6C0E99712C0B77A5F8A1 /* TimerRingView.swift in Sources */,
			);
			runOnlyForDeploymentPostprocessing = 0;
		};
		65EAD53D54A849CD3F26D5A0 /* Sources */ = {
			isa = PBXSourcesBuildPhase;
			buildActionMask = 2147483647;
			files = (
				C22E4D156E6B6B6D2E3AF523 /* MathKidsUITests.swift in Sources */,
				72E9C59492BF93AB0B609424 /* QAScreenshots.swift in Sources */,
			);
			runOnlyForDeploymentPostprocessing = 0;
		};
/* End PBXSourcesBuildPhase section */

/* Begin PBXTargetDependency section */
		5193E5A7D47DF44D6D290F33 /* PBXTargetDependency */ = {
			isa = PBXTargetDependency;
			target = 18C49AB92152A9F8A4F8CD4E /* MathKids */;
			targetProxy = B20B6BBBF83602BFF2C33E4D /* PBXContainerItemProxy */;
		};
		CB8A3D9A9F68B73999C337DF /* PBXTargetDependency */ = {
			isa = PBXTargetDependency;
			target = 18C49AB92152A9F8A4F8CD4E /* MathKids */;
			targetProxy = A47E8AA44543772B7A10507A /* PBXContainerItemProxy */;
		};
/* End PBXTargetDependency section */

/* Begin XCBuildConfiguration section */
		0E7DE33987754E169385DF69 /* Debug */ = {
			isa = XCBuildConfiguration;
			buildSettings = {
				ALWAYS_SEARCH_USER_PATHS = NO;
				CLANG_ANALYZER_NONNULL = YES;
				CLANG_ANALYZER_NUMBER_OBJECT_CONVERSION = YES_AGGRESSIVE;
				CLANG_CXX_LANGUAGE_STANDARD = "gnu++14";
				CLANG_CXX_LIBRARY = "libc++";
				CLANG_ENABLE_MODULES = YES;
				CLANG_ENABLE_OBJC_ARC = YES;
				CLANG_ENABLE_OBJC_WEAK = YES;
				CLANG_WARN_BLOCK_CAPTURE_AUTORELEASING = YES;
				CLANG_WARN_BOOL_CONVERSION = YES;
				CLANG_WARN_COMMA = YES;
				CLANG_WARN_CONSTANT_CONVERSION = YES;
				CLANG_WARN_DEPRECATED_OBJC_IMPLEMENTATIONS = YES;
				CLANG_WARN_DIRECT_OBJC_ISA_USAGE = YES_ERROR;
				CLANG_WARN_DOCUMENTATION_COMMENTS = YES;
				CLANG_WARN_EMPTY_BODY = YES;
				CLANG_WARN_ENUM_CONVERSION = YES;
				CLANG_WARN_INFINITE_RECURSION = YES;
				CLANG_WARN_INT_CONVERSION = YES;
				CLANG_WARN_NON_LITERAL_NULL_CONVERSION = YES;
				CLANG_WARN_OBJC_IMPLICIT_RETAIN_SELF = YES;
				CLANG_WARN_OBJC_LITERAL_CONVERSION = YES;
				CLANG_WARN_OBJC_ROOT_CLASS = YES_ERROR;
				CLANG_WARN_QUOTED_INCLUDE_IN_FRAMEWORK_HEADER = YES;
				CLANG_WARN_RANGE_LOOP_ANALYSIS = YES;
				CLANG_WARN_STRICT_PROTOTYPES = YES;
				CLANG_WARN_SUSPICIOUS_MOVE = YES;
				CLANG_WARN_UNGUARDED_AVAILABILITY = YES_AGGRESSIVE;
				CLANG_WARN_UNREACHABLE_CODE = YES;
				CLANG_WARN__DUPLICATE_METHOD_MATCH = YES;
				COPY_PHASE_STRIP = NO;
				DEBUG_INFORMATION_FORMAT = dwarf;
				ENABLE_STRICT_OBJC_MSGSEND = YES;
				ENABLE_TESTABILITY = YES;
				ENABLE_USER_SCRIPT_SANDBOXING = NO;
				GCC_C_LANGUAGE_STANDARD = gnu11;
				GCC_DYNAMIC_NO_PIC = NO;
				GCC_NO_COMMON_BLOCKS = YES;
				GCC_OPTIMIZATION_LEVEL = 0;
				GCC_PREPROCESSOR_DEFINITIONS = (
					"$(inherited)",
					"DEBUG=1",
				);
				GCC_WARN_64_TO_32_BIT_CONVERSION = YES;
				GCC_WARN_ABOUT_RETURN_TYPE = YES_ERROR;
				GCC_WARN_UNDECLARED_SELECTOR = YES;
				GCC_WARN_UNINITIALIZED_AUTOS = YES_AGGRESSIVE;
				GCC_WARN_UNUSED_FUNCTION = YES;
				GCC_WARN_UNUSED_VARIABLE = YES;
				IPHONEOS_DEPLOYMENT_TARGET = 17.0;
				MTL_ENABLE_DEBUG_INFO = INCLUDE_SOURCE;
				MTL_FAST_MATH = YES;
				ONLY_ACTIVE_ARCH = YES;
				PRODUCT_NAME = "$(TARGET_NAME)";
				SDKROOT = iphoneos;
				SWIFT_ACTIVE_COMPILATION_CONDITIONS = DEBUG;
				SWIFT_OPTIMIZATION_LEVEL = "-Onone";
				SWIFT_VERSION = 6.0;
			};
			name = Debug;
		};
		2F2E343A87486AF8A77D0ADC /* Debug */ = {
			isa = XCBuildConfiguration;
			buildSettings = {
				ASSETCATALOG_COMPILER_APPICON_NAME = AppIcon;
				CODE_SIGN_IDENTITY = "iPhone Developer";
				GENERATE_INFOPLIST_FILE = YES;
				INFOPLIST_KEY_UIApplicationSceneManifest_Generation = YES;
				INFOPLIST_KEY_UIApplicationSupportsIndirectInputEvents = YES;
				INFOPLIST_KEY_UILaunchScreen_Generation = YES;
				INFOPLIST_KEY_UISupportedInterfaceOrientations_iPad = "UIInterfaceOrientationPortrait UIInterfaceOrientationPortraitUpsideDown UIInterfaceOrientationLandscapeLeft UIInterfaceOrientationLandscapeRight";
				INFOPLIST_KEY_UISupportedInterfaceOrientations_iPhone = UIInterfaceOrientationPortrait;
				LD_RUNPATH_SEARCH_PATHS = (
					"$(inherited)",
					"@executable_path/Frameworks",
				);
				PRODUCT_BUNDLE_IDENTIFIER = com.mathkids.app;
				SDKROOT = iphoneos;
				SWIFT_STRICT_CONCURRENCY = complete;
				TARGETED_DEVICE_FAMILY = "1,2";
			};
			name = Debug;
		};
		34E612FBEA28B1C8C935D2CC /* Release */ = {
			isa = XCBuildConfiguration;
			buildSettings = {
				ASSETCATALOG_COMPILER_APPICON_NAME = AppIcon;
				CODE_SIGN_IDENTITY = "iPhone Developer";
				GENERATE_INFOPLIST_FILE = YES;
				INFOPLIST_KEY_UIApplicationSceneManifest_Generation = YES;
				INFOPLIST_KEY_UIApplicationSupportsIndirectInputEvents = YES;
				INFOPLIST_KEY_UILaunchScreen_Generation = YES;
				INFOPLIST_KEY_UISupportedInterfaceOrientations_iPad = "UIInterfaceOrientationPortrait UIInterfaceOrientationPortraitUpsideDown UIInterfaceOrientationLandscapeLeft UIInterfaceOrientationLandscapeRight";
				INFOPLIST_KEY_UISupportedInterfaceOrientations_iPhone = UIInterfaceOrientationPortrait;
				LD_RUNPATH_SEARCH_PATHS = (
					"$(inherited)",
					"@executable_path/Frameworks",
				);
				PRODUCT_BUNDLE_IDENTIFIER = com.mathkids.app;
				SDKROOT = iphoneos;
				SWIFT_STRICT_CONCURRENCY = complete;
				TARGETED_DEVICE_FAMILY = "1,2";
			};
			name = Release;
		};
		85DD4744086AB64B8DB97D58 /* Debug */ = {
			isa = XCBuildConfiguration;
			buildSettings = {
				BUNDLE_LOADER = "$(TEST_HOST)";
				GENERATE_INFOPLIST_FILE = YES;
				LD_RUNPATH_SEARCH_PATHS = (
					"$(inherited)",
					"@executable_path/Frameworks",
					"@loader_path/Frameworks",
				);
				PRODUCT_BUNDLE_IDENTIFIER = com.mathkids.tests;
				SDKROOT = iphoneos;
				TARGETED_DEVICE_FAMILY = "1,2";
				TEST_HOST = "$(BUILT_PRODUCTS_DIR)/MathKids.app/MathKids";
			};
			name = Debug;
		};
		B821B1625901279F30A380C2 /* Release */ = {
			isa = XCBuildConfiguration;
			buildSettings = {
				BUNDLE_LOADER = "$(TEST_HOST)";
				GENERATE_INFOPLIST_FILE = YES;
				LD_RUNPATH_SEARCH_PATHS = (
					"$(inherited)",
					"@executable_path/Frameworks",
					"@loader_path/Frameworks",
				);
				PRODUCT_BUNDLE_IDENTIFIER = com.mathkids.uitests;
				SDKROOT = iphoneos;
				TARGETED_DEVICE_FAMILY = "1,2";
				TEST_TARGET_NAME = MathKids;
			};
			name = Release;
		};
		C5A4FEE7D65228C439EB076B /* Release */ = {
			isa = XCBuildConfiguration;
			buildSettings = {
				ALWAYS_SEARCH_USER_PATHS = NO;
				CLANG_ANALYZER_NONNULL = YES;
				CLANG_ANALYZER_NUMBER_OBJECT_CONVERSION = YES_AGGRESSIVE;
				CLANG_CXX_LANGUAGE_STANDARD = "gnu++14";
				CLANG_CXX_LIBRARY = "libc++";
				CLANG_ENABLE_MODULES = YES;
				CLANG_ENABLE_OBJC_ARC = YES;
				CLANG_ENABLE_OBJC_WEAK = YES;
				CLANG_WARN_BLOCK_CAPTURE_AUTORELEASING = YES;
				CLANG_WARN_BOOL_CONVERSION = YES;
				CLANG_WARN_COMMA = YES;
				CLANG_WARN_CONSTANT_CONVERSION = YES;
				CLANG_WARN_DEPRECATED_OBJC_IMPLEMENTATIONS = YES;
				CLANG_WARN_DIRECT_OBJC_ISA_USAGE = YES_ERROR;
				CLANG_WARN_DOCUMENTATION_COMMENTS = YES;
				CLANG_WARN_EMPTY_BODY = YES;
				CLANG_WARN_ENUM_CONVERSION = YES;
				CLANG_WARN_INFINITE_RECURSION = YES;
				CLANG_WARN_INT_CONVERSION = YES;
				CLANG_WARN_NON_LITERAL_NULL_CONVERSION = YES;
				CLANG_WARN_OBJC_IMPLICIT_RETAIN_SELF = YES;
				CLANG_WARN_OBJC_LITERAL_CONVERSION = YES;
				CLANG_WARN_OBJC_ROOT_CLASS = YES_ERROR;
				CLANG_WARN_QUOTED_INCLUDE_IN_FRAMEWORK_HEADER = YES;
				CLANG_WARN_RANGE_LOOP_ANALYSIS = YES;
				CLANG_WARN_STRICT_PROTOTYPES = YES;
				CLANG_WARN_SUSPICIOUS_MOVE = YES;
				CLANG_WARN_UNGUARDED_AVAILABILITY = YES_AGGRESSIVE;
				CLANG_WARN_UNREACHABLE_CODE = YES;
				CLANG_WARN__DUPLICATE_METHOD_MATCH = YES;
				COPY_PHASE_STRIP = NO;
				DEBUG_INFORMATION_FORMAT = "dwarf-with-dsym";
				ENABLE_NS_ASSERTIONS = NO;
				ENABLE_STRICT_OBJC_MSGSEND = YES;
				ENABLE_USER_SCRIPT_SANDBOXING = NO;
				GCC_C_LANGUAGE_STANDARD = gnu11;
				GCC_NO_COMMON_BLOCKS = YES;
				GCC_WARN_64_TO_32_BIT_CONVERSION = YES;
				GCC_WARN_ABOUT_RETURN_TYPE = YES_ERROR;
				GCC_WARN_UNDECLARED_SELECTOR = YES;
				GCC_WARN_UNINITIALIZED_AUTOS = YES_AGGRESSIVE;
				GCC_WARN_UNUSED_FUNCTION = YES;
				GCC_WARN_UNUSED_VARIABLE = YES;
				IPHONEOS_DEPLOYMENT_TARGET = 17.0;
				MTL_ENABLE_DEBUG_INFO = NO;
				MTL_FAST_MATH = YES;
				PRODUCT_NAME = "$(TARGET_NAME)";
				SDKROOT = iphoneos;
				SWIFT_COMPILATION_MODE = wholemodule;
				SWIFT_OPTIMIZATION_LEVEL = "-O";
				SWIFT_VERSION = 6.0;
			};
			name = Release;
		};
		CA15676E770B91519583FD77 /* Release */ = {
			isa = XCBuildConfiguration;
			buildSettings = {
				BUNDLE_LOADER = "$(TEST_HOST)";
				GENERATE_INFOPLIST_FILE = YES;
				LD_RUNPATH_SEARCH_PATHS = (
					"$(inherited)",
					"@executable_path/Frameworks",
					"@loader_path/Frameworks",
				);
				PRODUCT_BUNDLE_IDENTIFIER = com.mathkids.tests;
				SDKROOT = iphoneos;
				TARGETED_DEVICE_FAMILY = "1,2";
				TEST_HOST = "$(BUILT_PRODUCTS_DIR)/MathKids.app/MathKids";
			};
			name = Release;
		};
		E6742293CB5269BB4B97F489 /* Debug */ = {
			isa = XCBuildConfiguration;
			buildSettings = {
				BUNDLE_LOADER = "$(TEST_HOST)";
				GENERATE_INFOPLIST_FILE = YES;
				LD_RUNPATH_SEARCH_PATHS = (
					"$(inherited)",
					"@executable_path/Frameworks",
					"@loader_path/Frameworks",
				);
				PRODUCT_BUNDLE_IDENTIFIER = com.mathkids.uitests;
				SDKROOT = iphoneos;
				TARGETED_DEVICE_FAMILY = "1,2";
				TEST_TARGET_NAME = MathKids;
			};
			name = Debug;
		};
/* End XCBuildConfiguration section */

/* Begin XCConfigurationList section */
		06296B30098C0342CA17A739 /* Build configuration list for PBXNativeTarget "MathKidsUITests" */ = {
			isa = XCConfigurationList;
			buildConfigurations = (
				E6742293CB5269BB4B97F489 /* Debug */,
				B821B1625901279F30A380C2 /* Release */,
			);
			defaultConfigurationIsVisible = 0;
			defaultConfigurationName = Debug;
		};
		64D248F275B82BA59CD051F5 /* Build configuration list for PBXNativeTarget "MathKidsTests" */ = {
			isa = XCConfigurationList;
			buildConfigurations = (
				85DD4744086AB64B8DB97D58 /* Debug */,
				CA15676E770B91519583FD77 /* Release */,
			);
			defaultConfigurationIsVisible = 0;
			defaultConfigurationName = Debug;
		};
		E83E0912C4033CD9F77093D4 /* Build configuration list for PBXNativeTarget "MathKids" */ = {
			isa = XCConfigurationList;
			buildConfigurations = (
				2F2E343A87486AF8A77D0ADC /* Debug */,
				34E612FBEA28B1C8C935D2CC /* Release */,
			);
			defaultConfigurationIsVisible = 0;
			defaultConfigurationName = Debug;
		};
		F3F5F02603F0915D1CEB2D6D /* Build configuration list for PBXProject "MathKids" */ = {
			isa = XCConfigurationList;
			buildConfigurations = (
				0E7DE33987754E169385DF69 /* Debug */,
				C5A4FEE7D65228C439EB076B /* Release */,
			);
			defaultConfigurationIsVisible = 0;
			defaultConfigurationName = Debug;
		};
/* End XCConfigurationList section */
	};
	rootObject = 770F031BA091304999F4065F /* Project object */;
}
